
Microsoft Visual Studio Solution File, Format Version 12.00
# Visual Studio 2012
Project("{FAE04EC0-301F-11D3-BF4B-00C04F79EFBC}") = "StatefullWorkflow.Test", "StatefullWorkflow.Test\StatefullWorkflow.Test.csproj", "{35D4024D-C5BC-484C-8848-6B50A514A5DE}"
EndProject
Project("{FAE04EC0-301F-11D3-BF4B-00C04F79EFBC}") = "StatefullWorkflow.Configuration", "StatefullWorkFlow.Configuration\StatefullWorkflow.Configuration.csproj", "{BDDB1952-365D-45B9-8354-CD20C580ADB9}"
EndProject
Project("{FAE04EC0-301F-11D3-BF4B-00C04F79EFBC}") = "StatefullWorkflow.Engine", "StatefullWorkflow.Engine\StatefullWorkflow.Engine.csproj", "{64E0B515-A847-49FE-B571-1E046B664BE6}"
EndProject
Project("{FAE04EC0-301F-11D3-BF4B-00C04F79EFBC}") = "StatefullWorkflow.Utilities", "StatefullWorkflow.Utilities\StatefullWorkflow.Utilities.csproj", "{149EE3FB-2B51-450E-8CB8-6C67B5260AF3}"
EndProject
Global
	GlobalSection(SolutionConfigurationPlatforms) = preSolution
		Debug|Any CPU = Debug|Any CPU
		Release|Any CPU = Release|Any CPU
	EndGlobalSection
	GlobalSection(ProjectConfigurationPlatforms) = postSolution
		{35D4024D-C5BC-484C-8848-6B50A514A5DE}.Debug|Any CPU.ActiveCfg = Debug|Any CPU
		{35D4024D-C5BC-484C-8848-6B50A514A5DE}.Debug|Any CPU.Build.0 = Debug|Any CPU
		{35D4024D-C5BC-484C-8848-6B50A514A5DE}.Release|Any CPU.ActiveCfg = Release|Any CPU
		{35D4024D-C5BC-484C-8848-6B50A514A5DE}.Release|Any CPU.Build.0 = Release|Any CPU
		{BDDB1952-365D-45B9-8354-CD20C580ADB9}.Debug|Any CPU.ActiveCfg = Debug|Any CPU
		{BDDB1952-365D-45B9-8354-CD20C580ADB9}.Debug|Any CPU.Build.0 = Debug|Any CPU
		{BDDB1952-365D-45B9-8354-CD20C580ADB9}.Release|Any CPU.ActiveCfg = Release|Any CPU
		{BDDB1952-365D-45B9-8354-CD20C580ADB9}.Release|Any CPU.Build.0 = Release|Any CPU
		{64E0B515-A847-49FE-B571-1E046B664BE6}.Debug|Any CPU.ActiveCfg = Debug|Any CPU
		{64E0B515-A847-49FE-B571-1E046B664BE6}.Debug|Any CPU.Build.0 = Debug|Any CPU
		{64E0B515-A847-49FE-B571-1E046B664BE6}.Release|Any CPU.ActiveCfg = Release|Any CPU
		{64E0B515-A847-49FE-B571-1E046B664BE6}.Release|Any CPU.Build.0 = Release|Any CPU
		{149EE3FB-2B51-450E-8CB8-6C67B5260AF3}.Debug|Any CPU.ActiveCfg = Debug|Any CPU
		{149EE3FB-2B51-450E-8CB8-6C67B5260AF3}.Debug|Any CPU.Build.0 = Debug|Any CPU
		{149EE3FB-2B51-450E-8CB8-6C67B5260AF3}.Release|Any CPU.ActiveCfg = Release|Any CPU
		{149EE3FB-2B51-450E-8CB8-6C67B5260AF3}.Release|Any CPU.Build.0 = Release|Any CPU
	EndGlobalSection
	GlobalSection(SolutionProperties) = preSolution
		HideSolutionNode = FALSE
	EndGlobalSection
EndGlobal
