
Microsoft Visual Studio Solution File, Format Version 12.00
# Visual Studio 14
VisualStudioVersion = 14.0.25123.0
MinimumVisualStudioVersion = 10.0.40219.1
Project("{E24C65DC-7377-472B-9ABA-BC803B73C61A}") = "StatefullWorkflow.Config.Ui", "StatefullWorkflow.Config.Ui\", "{893C96E6-7F49-4583-83BF-FFF0B7B10D7C}"
	ProjectSection(WebsiteProperties) = preProject
		TargetFrameworkMoniker = ".NETFramework,Version%3Dv4.0"
		Debug.AspNetCompiler.VirtualPath = "/localhost_58568"
		Debug.AspNetCompiler.PhysicalPath = "StatefullWorkflow.Config.Ui\"
		Debug.AspNetCompiler.TargetPath = "PrecompiledWeb\localhost_58568\"
		Debug.AspNetCompiler.Updateable = "true"
		Debug.AspNetCompiler.ForceOverwrite = "true"
		Debug.AspNetCompiler.FixedNames = "false"
		Debug.AspNetCompiler.Debug = "True"
		Release.AspNetCompiler.VirtualPath = "/localhost_58568"
		Release.AspNetCompiler.PhysicalPath = "StatefullWorkflow.Config.Ui\"
		Release.AspNetCompiler.TargetPath = "PrecompiledWeb\localhost_58568\"
		Release.AspNetCompiler.Updateable = "true"
		Release.AspNetCompiler.ForceOverwrite = "true"
		Release.AspNetCompiler.FixedNames = "false"
		Release.AspNetCompiler.Debug = "False"
		VWDPort = "58568"
		SlnRelativePath = "StatefullWorkflow.Config.Ui\"
	EndProjectSection
EndProject
Project("{FAE04EC0-301F-11D3-BF4B-00C04F79EFBC}") = "StatefullWorkflow.Entities", "StatefullWorkflow.Entities\StatefullWorkflow.Entities.csproj", "{1F3634F5-C872-42AB-A594-C399FE6466EB}"
EndProject
Project("{FAE04EC0-301F-11D3-BF4B-00C04F79EFBC}") = "StatefullWorkflow.Utilities", "StatefullWorkflow.Utilities\StatefullWorkflow.Utilities.csproj", "{638900F7-4CD6-49A1-9764-4E271CC9866C}"
EndProject
Project("{FAE04EC0-301F-11D3-BF4B-00C04F79EFBC}") = "StatefullWorkflow.DataAccess", "StatefullWorkflow.DataAccess\StatefullWorkflow.DataAccess.csproj", "{C993974A-50F9-483B-A776-B4D09AAB91A1}"
EndProject
Project("{FAE04EC0-301F-11D3-BF4B-00C04F79EFBC}") = "StatefullWorkflow.DataAccess.Tests", "StatefullWorkflow.DataAccess.Tests\StatefullWorkflow.DataAccess.Tests.csproj", "{86DA9051-7DF5-4095-AEBA-BF295C056DDA}"
EndProject
Project("{FAE04EC0-301F-11D3-BF4B-00C04F79EFBC}") = "StatefullWorkflow.Engine", "StatefullWorkflow.Engine\StatefullWorkflow.Engine.csproj", "{3F06DA2D-AB08-490C-87DB-57CBDD160216}"
EndProject
Project("{FAE04EC0-301F-11D3-BF4B-00C04F79EFBC}") = "StatefullWorkflow.Engine.Tests", "StatefullWorkflow.Engine.Tests\StatefullWorkflow.Engine.Tests.csproj", "{D62000C5-B52C-4972-884D-19BB3BA6AD9E}"
EndProject
Project("{FAE04EC0-301F-11D3-BF4B-00C04F79EFBC}") = "StatefullWorkflow.Console", "StatefullWorkflow.Console\StatefullWorkflow.Console.csproj", "{35D4024D-C5BC-484C-8848-6B50A514A5DE}"
EndProject
Project("{FAE04EC0-301F-11D3-BF4B-00C04F79EFBC}") = "StatefullWorkflow.Config.WebService", "StatefullWorkflow.Config.WebService\StatefullWorkflow.Config.WebService.csproj", "{EF02C24E-7974-4D11-8B37-C9E45965AF3F}"
EndProject
Project("{FAE04EC0-301F-11D3-BF4B-00C04F79EFBC}") = "Stateless", "Stateless\Stateless.csproj", "{A15EEC02-60EC-4705-A58B-A6ECD55A9628}"
EndProject
Project("{FAE04EC0-301F-11D3-BF4B-00C04F79EFBC}") = "StatefullWorkflow.Config.WebService.Test", "StatefullWorkflow.Config.WebService.Test\StatefullWorkflow.Config.WebService.Test.csproj", "{0D98CE67-CCC0-4724-BF45-2029494962A5}"
	ProjectSection(ProjectDependencies) = postProject
		{EF02C24E-7974-4D11-8B37-C9E45965AF3F} = {EF02C24E-7974-4D11-8B37-C9E45965AF3F}
	EndProjectSection
EndProject
Global
	GlobalSection(SolutionConfigurationPlatforms) = preSolution
		Debug|Any CPU = Debug|Any CPU
		Release|Any CPU = Release|Any CPU
	EndGlobalSection
	GlobalSection(ProjectConfigurationPlatforms) = postSolution
		{893C96E6-7F49-4583-83BF-FFF0B7B10D7C}.Debug|Any CPU.ActiveCfg = Debug|Any CPU
		{893C96E6-7F49-4583-83BF-FFF0B7B10D7C}.Debug|Any CPU.Build.0 = Debug|Any CPU
		{893C96E6-7F49-4583-83BF-FFF0B7B10D7C}.Release|Any CPU.ActiveCfg = Debug|Any CPU
		{893C96E6-7F49-4583-83BF-FFF0B7B10D7C}.Release|Any CPU.Build.0 = Debug|Any CPU
		{1F3634F5-C872-42AB-A594-C399FE6466EB}.Debug|Any CPU.ActiveCfg = Debug|Any CPU
		{1F3634F5-C872-42AB-A594-C399FE6466EB}.Debug|Any CPU.Build.0 = Debug|Any CPU
		{1F3634F5-C872-42AB-A594-C399FE6466EB}.Release|Any CPU.ActiveCfg = Release|Any CPU
		{1F3634F5-C872-42AB-A594-C399FE6466EB}.Release|Any CPU.Build.0 = Release|Any CPU
		{638900F7-4CD6-49A1-9764-4E271CC9866C}.Debug|Any CPU.ActiveCfg = Debug|Any CPU
		{638900F7-4CD6-49A1-9764-4E271CC9866C}.Debug|Any CPU.Build.0 = Debug|Any CPU
		{638900F7-4CD6-49A1-9764-4E271CC9866C}.Release|Any CPU.ActiveCfg = Release|Any CPU
		{638900F7-4CD6-49A1-9764-4E271CC9866C}.Release|Any CPU.Build.0 = Release|Any CPU
		{C993974A-50F9-483B-A776-B4D09AAB91A1}.Debug|Any CPU.ActiveCfg = Debug|Any CPU
		{C993974A-50F9-483B-A776-B4D09AAB91A1}.Debug|Any CPU.Build.0 = Debug|Any CPU
		{C993974A-50F9-483B-A776-B4D09AAB91A1}.Release|Any CPU.ActiveCfg = Release|Any CPU
		{C993974A-50F9-483B-A776-B4D09AAB91A1}.Release|Any CPU.Build.0 = Release|Any CPU
		{86DA9051-7DF5-4095-AEBA-BF295C056DDA}.Debug|Any CPU.ActiveCfg = Debug|Any CPU
		{86DA9051-7DF5-4095-AEBA-BF295C056DDA}.Debug|Any CPU.Build.0 = Debug|Any CPU
		{86DA9051-7DF5-4095-AEBA-BF295C056DDA}.Release|Any CPU.ActiveCfg = Release|Any CPU
		{86DA9051-7DF5-4095-AEBA-BF295C056DDA}.Release|Any CPU.Build.0 = Release|Any CPU
		{3F06DA2D-AB08-490C-87DB-57CBDD160216}.Debug|Any CPU.ActiveCfg = Debug|Any CPU
		{3F06DA2D-AB08-490C-87DB-57CBDD160216}.Debug|Any CPU.Build.0 = Debug|Any CPU
		{3F06DA2D-AB08-490C-87DB-57CBDD160216}.Release|Any CPU.ActiveCfg = Release|Any CPU
		{3F06DA2D-AB08-490C-87DB-57CBDD160216}.Release|Any CPU.Build.0 = Release|Any CPU
		{D62000C5-B52C-4972-884D-19BB3BA6AD9E}.Debug|Any CPU.ActiveCfg = Debug|Any CPU
		{D62000C5-B52C-4972-884D-19BB3BA6AD9E}.Debug|Any CPU.Build.0 = Debug|Any CPU
		{D62000C5-B52C-4972-884D-19BB3BA6AD9E}.Release|Any CPU.ActiveCfg = Release|Any CPU
		{D62000C5-B52C-4972-884D-19BB3BA6AD9E}.Release|Any CPU.Build.0 = Release|Any CPU
		{35D4024D-C5BC-484C-8848-6B50A514A5DE}.Debug|Any CPU.ActiveCfg = Debug|Any CPU
		{35D4024D-C5BC-484C-8848-6B50A514A5DE}.Debug|Any CPU.Build.0 = Debug|Any CPU
		{35D4024D-C5BC-484C-8848-6B50A514A5DE}.Release|Any CPU.ActiveCfg = Release|Any CPU
		{35D4024D-C5BC-484C-8848-6B50A514A5DE}.Release|Any CPU.Build.0 = Release|Any CPU
		{EF02C24E-7974-4D11-8B37-C9E45965AF3F}.Debug|Any CPU.ActiveCfg = Debug|Any CPU
		{EF02C24E-7974-4D11-8B37-C9E45965AF3F}.Debug|Any CPU.Build.0 = Debug|Any CPU
		{EF02C24E-7974-4D11-8B37-C9E45965AF3F}.Release|Any CPU.ActiveCfg = Release|Any CPU
		{EF02C24E-7974-4D11-8B37-C9E45965AF3F}.Release|Any CPU.Build.0 = Release|Any CPU
		{A15EEC02-60EC-4705-A58B-A6ECD55A9628}.Debug|Any CPU.ActiveCfg = Debug|Any CPU
		{A15EEC02-60EC-4705-A58B-A6ECD55A9628}.Debug|Any CPU.Build.0 = Debug|Any CPU
		{A15EEC02-60EC-4705-A58B-A6ECD55A9628}.Release|Any CPU.ActiveCfg = Release|Any CPU
		{A15EEC02-60EC-4705-A58B-A6ECD55A9628}.Release|Any CPU.Build.0 = Release|Any CPU
		{0D98CE67-CCC0-4724-BF45-2029494962A5}.Debug|Any CPU.ActiveCfg = Debug|Any CPU
		{0D98CE67-CCC0-4724-BF45-2029494962A5}.Debug|Any CPU.Build.0 = Debug|Any CPU
		{0D98CE67-CCC0-4724-BF45-2029494962A5}.Release|Any CPU.ActiveCfg = Release|Any CPU
		{0D98CE67-CCC0-4724-BF45-2029494962A5}.Release|Any CPU.Build.0 = Release|Any CPU
	EndGlobalSection
	GlobalSection(SolutionProperties) = preSolution
		HideSolutionNode = FALSE
	EndGlobalSection
EndGlobal
